
Microsoft Visual Studio Solution File, Format Version 10.00
# Visual Studio 2008
Project("{FAE04EC0-301F-11D3-BF4B-00C04F79EFBC}") = "ExampleModels", "ExampleModels.csproj", "{20C04CA6-72A9-4C0C-A4F8-5173BBC91687}"
EndProject
Project("{FAE04EC0-301F-11D3-BF4B-00C04F79EFBC}") = "Experimental", "..\..\adhoc\norma\Experimental.csproj", "{8B93536C-0B7D-49D3-AE04-474D72167F74}"
EndProject
Project("{FAE04EC0-301F-11D3-BF4B-00C04F79EFBC}") = "ImplicitJoins", "..\..\joins\norma\ImplicitJoins.csproj", "{88C3528A-D795-4C0E-835A-F8E4EEFB55DB}"
EndProject
Global
	GlobalSection(SolutionConfigurationPlatforms) = preSolution
		Debug|Any CPU = Debug|Any CPU
		Release|Any CPU = Release|Any CPU
	EndGlobalSection
	GlobalSection(ProjectConfigurationPlatforms) = postSolution
		{20C04CA6-72A9-4C0C-A4F8-5173BBC91687}.Debug|Any CPU.ActiveCfg = Debug|Any CPU
		{20C04CA6-72A9-4C0C-A4F8-5173BBC91687}.Debug|Any CPU.Build.0 = Debug|Any CPU
		{20C04CA6-72A9-4C0C-A4F8-5173BBC91687}.Release|Any CPU.ActiveCfg = Release|Any CPU
		{20C04CA6-72A9-4C0C-A4F8-5173BBC91687}.Release|Any CPU.Build.0 = Release|Any CPU
		{8B93536C-0B7D-49D3-AE04-474D72167F74}.Debug|Any CPU.ActiveCfg = Debug|Any CPU
		{8B93536C-0B7D-49D3-AE04-474D72167F74}.Debug|Any CPU.Build.0 = Debug|Any CPU
		{8B93536C-0B7D-49D3-AE04-474D72167F74}.Release|Any CPU.ActiveCfg = Release|Any CPU
		{8B93536C-0B7D-49D3-AE04-474D72167F74}.Release|Any CPU.Build.0 = Release|Any CPU
		{88C3528A-D795-4C0E-835A-F8E4EEFB55DB}.Debug|Any CPU.ActiveCfg = Debug|Any CPU
		{88C3528A-D795-4C0E-835A-F8E4EEFB55DB}.Debug|Any CPU.Build.0 = Debug|Any CPU
		{88C3528A-D795-4C0E-835A-F8E4EEFB55DB}.Release|Any CPU.ActiveCfg = Release|Any CPU
		{88C3528A-D795-4C0E-835A-F8E4EEFB55DB}.Release|Any CPU.Build.0 = Release|Any CPU
	EndGlobalSection
	GlobalSection(SolutionProperties) = preSolution
		HideSolutionNode = FALSE
	EndGlobalSection
EndGlobal
