
Microsoft Visual Studio Solution File, Format Version 11.00
# Visual Studio 2010
Project("{FAE04EC0-301F-11D3-BF4B-00C04F79EFBC}") = "ExampleModels2010", "ExampleModels2010.csproj", "{20C04CA6-72A9-4C0C-A4F8-5173BBC91687}"
EndProject
Project("{FAE04EC0-301F-11D3-BF4B-00C04F79EFBC}") = "Experimental2010", "..\..\adhoc\norma\Experimental2010.csproj", "{8B93536C-0B7D-49D3-AE04-474D72167F74}"
EndProject
Project("{FAE04EC0-301F-11D3-BF4B-00C04F79EFBC}") = "ImplicitJoins2010", "..\..\joins\norma\ImplicitJoins2010.csproj", "{88C3528A-D795-4C0E-835A-F8E4EEFB55DB}"
EndProject
Project("{FAE04EC0-301F-11D3-BF4B-00C04F79EFBC}") = "Metamodels2010", "..\..\Metamodels\norma\Metamodels2010.csproj", "{60C452B1-77E5-4019-BB59-62AD0F9839A9}"
EndProject
Global
	GlobalSection(SolutionConfigurationPlatforms) = preSolution
		Debug|Any CPU = Debug|Any CPU
		Debug|Mixed Platforms = Debug|Mixed Platforms
		Debug|x86 = Debug|x86
		Release|Any CPU = Release|Any CPU
		Release|Mixed Platforms = Release|Mixed Platforms
		Release|x86 = Release|x86
	EndGlobalSection
	GlobalSection(ProjectConfigurationPlatforms) = postSolution
		{20C04CA6-72A9-4C0C-A4F8-5173BBC91687}.Debug|Any CPU.ActiveCfg = Debug|Any CPU
		{20C04CA6-72A9-4C0C-A4F8-5173BBC91687}.Debug|Any CPU.Build.0 = Debug|Any CPU
		{20C04CA6-72A9-4C0C-A4F8-5173BBC91687}.Debug|Mixed Platforms.ActiveCfg = Debug|Any CPU
		{20C04CA6-72A9-4C0C-A4F8-5173BBC91687}.Debug|Mixed Platforms.Build.0 = Debug|Any CPU
		{20C04CA6-72A9-4C0C-A4F8-5173BBC91687}.Debug|x86.ActiveCfg = Debug|Any CPU
		{20C04CA6-72A9-4C0C-A4F8-5173BBC91687}.Release|Any CPU.ActiveCfg = Release|Any CPU
		{20C04CA6-72A9-4C0C-A4F8-5173BBC91687}.Release|Any CPU.Build.0 = Release|Any CPU
		{20C04CA6-72A9-4C0C-A4F8-5173BBC91687}.Release|Mixed Platforms.ActiveCfg = Release|Any CPU
		{20C04CA6-72A9-4C0C-A4F8-5173BBC91687}.Release|Mixed Platforms.Build.0 = Release|Any CPU
		{20C04CA6-72A9-4C0C-A4F8-5173BBC91687}.Release|x86.ActiveCfg = Release|Any CPU
		{8B93536C-0B7D-49D3-AE04-474D72167F74}.Debug|Any CPU.ActiveCfg = Debug|Any CPU
		{8B93536C-0B7D-49D3-AE04-474D72167F74}.Debug|Any CPU.Build.0 = Debug|Any CPU
		{8B93536C-0B7D-49D3-AE04-474D72167F74}.Debug|Mixed Platforms.ActiveCfg = Debug|Any CPU
		{8B93536C-0B7D-49D3-AE04-474D72167F74}.Debug|Mixed Platforms.Build.0 = Debug|Any CPU
		{8B93536C-0B7D-49D3-AE04-474D72167F74}.Debug|x86.ActiveCfg = Debug|Any CPU
		{8B93536C-0B7D-49D3-AE04-474D72167F74}.Release|Any CPU.ActiveCfg = Release|Any CPU
		{8B93536C-0B7D-49D3-AE04-474D72167F74}.Release|Any CPU.Build.0 = Release|Any CPU
		{8B93536C-0B7D-49D3-AE04-474D72167F74}.Release|Mixed Platforms.ActiveCfg = Release|Any CPU
		{8B93536C-0B7D-49D3-AE04-474D72167F74}.Release|Mixed Platforms.Build.0 = Release|Any CPU
		{8B93536C-0B7D-49D3-AE04-474D72167F74}.Release|x86.ActiveCfg = Release|Any CPU
		{88C3528A-D795-4C0E-835A-F8E4EEFB55DB}.Debug|Any CPU.ActiveCfg = Debug|Any CPU
		{88C3528A-D795-4C0E-835A-F8E4EEFB55DB}.Debug|Any CPU.Build.0 = Debug|Any CPU
		{88C3528A-D795-4C0E-835A-F8E4EEFB55DB}.Debug|Mixed Platforms.ActiveCfg = Debug|Any CPU
		{88C3528A-D795-4C0E-835A-F8E4EEFB55DB}.Debug|Mixed Platforms.Build.0 = Debug|Any CPU
		{88C3528A-D795-4C0E-835A-F8E4EEFB55DB}.Debug|x86.ActiveCfg = Debug|Any CPU
		{88C3528A-D795-4C0E-835A-F8E4EEFB55DB}.Release|Any CPU.ActiveCfg = Release|Any CPU
		{88C3528A-D795-4C0E-835A-F8E4EEFB55DB}.Release|Any CPU.Build.0 = Release|Any CPU
		{88C3528A-D795-4C0E-835A-F8E4EEFB55DB}.Release|Mixed Platforms.ActiveCfg = Release|Any CPU
		{88C3528A-D795-4C0E-835A-F8E4EEFB55DB}.Release|Mixed Platforms.Build.0 = Release|Any CPU
		{88C3528A-D795-4C0E-835A-F8E4EEFB55DB}.Release|x86.ActiveCfg = Release|Any CPU
		{60C452B1-77E5-4019-BB59-62AD0F9839A9}.Debug|Any CPU.ActiveCfg = Debug|Any CPU
		{60C452B1-77E5-4019-BB59-62AD0F9839A9}.Debug|Any CPU.Build.0 = Debug|Any CPU
		{60C452B1-77E5-4019-BB59-62AD0F9839A9}.Debug|Mixed Platforms.ActiveCfg = Debug|Any CPU
		{60C452B1-77E5-4019-BB59-62AD0F9839A9}.Debug|Mixed Platforms.Build.0 = Debug|Any CPU
		{60C452B1-77E5-4019-BB59-62AD0F9839A9}.Debug|x86.ActiveCfg = Debug|Any CPU
		{60C452B1-77E5-4019-BB59-62AD0F9839A9}.Release|Any CPU.ActiveCfg = Release|Any CPU
		{60C452B1-77E5-4019-BB59-62AD0F9839A9}.Release|Any CPU.Build.0 = Release|Any CPU
		{60C452B1-77E5-4019-BB59-62AD0F9839A9}.Release|Mixed Platforms.ActiveCfg = Release|Any CPU
		{60C452B1-77E5-4019-BB59-62AD0F9839A9}.Release|Mixed Platforms.Build.0 = Release|Any CPU
		{60C452B1-77E5-4019-BB59-62AD0F9839A9}.Release|x86.ActiveCfg = Release|Any CPU
	EndGlobalSection
	GlobalSection(SolutionProperties) = preSolution
		HideSolutionNode = FALSE
	EndGlobalSection
EndGlobal
