
Microsoft Visual Studio Solution File, Format Version 9.00
# Visual Studio 2005
Project("{FAE04EC0-301F-11D3-BF4B-00C04F79EFBC}") = "ORM-Metamodel", "ORM-Metamodel.csproj", "{C293D8D8-EE8B-477B-AA76-6796731857BA}"
EndProject
Global
	GlobalSection(SolutionConfigurationPlatforms) = preSolution
		Debug|Any CPU = Debug|Any CPU
		Release|Any CPU = Release|Any CPU
	EndGlobalSection
	GlobalSection(ProjectConfigurationPlatforms) = postSolution
		{C293D8D8-EE8B-477B-AA76-6796731857BA}.Debug|Any CPU.ActiveCfg = Debug|Any CPU
		{C293D8D8-EE8B-477B-AA76-6796731857BA}.Debug|Any CPU.Build.0 = Debug|Any CPU
		{C293D8D8-EE8B-477B-AA76-6796731857BA}.Release|Any CPU.ActiveCfg = Release|Any CPU
		{C293D8D8-EE8B-477B-AA76-6796731857BA}.Release|Any CPU.Build.0 = Release|Any CPU
	EndGlobalSection
	GlobalSection(SolutionProperties) = preSolution
		HideSolutionNode = FALSE
	EndGlobalSection
EndGlobal
